
Microsoft Visual Studio Solution File, Format Version 12.00
# Visual Studio Version 16
VisualStudioVersion = 16.0.30114.105
MinimumVisualStudioVersion = 10.0.40219.1
Project("{FAE04EC0-301F-11D3-BF4B-00C04F79EFBC}") = "gitlab-runnner-wrapper", "gitlab-runnner-wrapper.csproj", "{866A2CC5-7968-425F-A3BB-38C8D00CD332}"
EndProject
Global
	GlobalSection(SolutionConfigurationPlatforms) = preSolution
		Debug|Any CPU = Debug|Any CPU
		Release|Any CPU = Release|Any CPU
	EndGlobalSection
	GlobalSection(ProjectConfigurationPlatforms) = postSolution
		{866A2CC5-7968-425F-A3BB-38C8D00CD332}.Debug|Any CPU.ActiveCfg = Debug|Any CPU
		{866A2CC5-7968-425F-A3BB-38C8D00CD332}.Debug|Any CPU.Build.0 = Debug|Any CPU
		{866A2CC5-7968-425F-A3BB-38C8D00CD332}.Release|Any CPU.ActiveCfg = Release|Any CPU
		{866A2CC5-7968-425F-A3BB-38C8D00CD332}.Release|Any CPU.Build.0 = Release|Any CPU
	EndGlobalSection
	GlobalSection(SolutionProperties) = preSolution
		HideSolutionNode = FALSE
	EndGlobalSection
	GlobalSection(ExtensibilityGlobals) = postSolution
		SolutionGuid = {DA1F804B-F0E2-4074-83F2-76FB1B7599F1}
	EndGlobalSection
EndGlobal
